Microsoft Visual Studio Solution File, Format Version 12.00
# Visual Studio Version 16
VisualStudioVersion = 16.0.30907.101
MinimumVisualStudioVersion = 10.0.40219.1
Project("{9A19103F-16F7-4668-BE54-9A1E7A4F7556}") = "Square", "Square\Square.csproj", "{7F5AD36B-76DB-4AE8-92FA-56FB9E89DCB8}"
EndProject
Project("{9A19103F-16F7-4668-BE54-9A1E7A4F7556}") = "Square.Tests", "Square.Tests\Square.Tests.csproj", "{3E23A993-12F3-41A0-83FB-D2205CA2EAA0}"
EndProject
Global
	GlobalSection(SolutionConfigurationPlatforms) = preSolution
		Debug|Any CPU = Debug|Any CPU
		Release|Any CPU = Release|Any CPU
	EndGlobalSection
	GlobalSection(ProjectConfigurationPlatforms) = postSolution
		{7F5AD36B-76DB-4AE8-92FA-56FB9E89DCB8}.Debug|Any CPU.ActiveCfg = Debug|Any CPU
		{7F5AD36B-76DB-4AE8-92FA-56FB9E89DCB8}.Debug|Any CPU.Build.0 = Debug|Any CPU
		{7F5AD36B-76DB-4AE8-92FA-56FB9E89DCB8}.Release|Any CPU.ActiveCfg = Release|Any CPU
		{7F5AD36B-76DB-4AE8-92FA-56FB9E89DCB8}.Release|Any CPU.Build.0 = Release|Any CPU
		{3E23A993-12F3-41A0-83FB-D2205CA2EAA0}.Debug|Any CPU.ActiveCfg = Debug|Any CPU
		{3E23A993-12F3-41A0-83FB-D2205CA2EAA0}.Debug|Any CPU.Build.0 = Debug|Any CPU
		{3E23A993-12F3-41A0-83FB-D2205CA2EAA0}.Release|Any CPU.ActiveCfg = Release|Any CPU
		{3E23A993-12F3-41A0-83FB-D2205CA2EAA0}.Release|Any CPU.Build.0 = Release|Any CPU
	EndGlobalSection
	GlobalSection(SolutionProperties) = preSolution
		HideSolutionNode = FALSE
	EndGlobalSection
	GlobalSection(ExtensibilityGlobals) = postSolution
		SolutionGuid = {2D36AAF1-AFD0-4F3D-8047-1171C66DBF32}
	EndGlobalSection
EndGlobal
